// !$*UTF8*$!
{
	archiveVersion = 1;
	classes = {
	};
	objectVersion = 46;
	objects = {

/* Begin PBXBuildFile section */
		B53C313D169D99EA00A8E41E /* UIKit.framework in Frameworks */ = {isa = PBXBuildFile; fileRef = B53C313C169D99EA00A8E41E /* UIKit.framework */; };
		B53C313F169D99EA00A8E41E /* Foundation.framework in Frameworks */ = {isa = PBXBuildFile; fileRef = B53C313E169D99EA00A8E41E /* Foundation.framework */; };
		B53C3141169D99EA00A8E41E /* CoreGraphics.framework in Frameworks */ = {isa = PBXBuildFile; fileRef = B53C3140169D99EA00A8E41E /* CoreGraphics.framework */; };
		B53C3147169D99EA00A8E41E /* InfoPlist.strings in Resources */ = {isa = PBXBuildFile; fileRef = B53C3145169D99EA00A8E41E /* InfoPlist.strings */; };
		B53C3156169D99EA00A8E41E /* MainStoryboard.storyboard in Resources */ = {isa = PBXBuildFile; fileRef = B53C3154169D99EA00A8E41E /* MainStoryboard.storyboard */; };
		B53C3204169E5DA200A8E41E /* BNAppDelegate.m in Sources */ = {isa = PBXBuildFile; fileRef = B53C31EF169E584800A8E41E /* BNAppDelegate.m */; };
		B53C3206169E5DA200A8E41E /* BNDataController.m in Sources */ = {isa = PBXBuildFile; fileRef = B53C31F1169E584800A8E41E /* BNDataController.m */; };
		B53C3208169E5DA200A8E41E /* BNDetailViewController.m in Sources */ = {isa = PBXBuildFile; fileRef = B53C31F3169E584800A8E41E /* BNDetailViewController.m */; };
		B53C320A169E5DA200A8E41E /* BNMasterViewController.m in Sources */ = {isa = PBXBuildFile; fileRef = B53C31F5169E584800A8E41E /* BNMasterViewController.m */; };
		B53C320B169E5DA200A8E41E /* main.m in Sources */ = {isa = PBXBuildFile; fileRef = B53C3148169D99EA00A8E41E /* main.m */; };
		B594C6E716B8A9700039046C /* BNAuthorGetter.m in Sources */ = {isa = PBXBuildFile; fileRef = B594C6E616B8A9700039046C /* BNAuthorGetter.m */; };
		B594C6F316B959D30039046C /* XPathQuery.m in Sources */ = {isa = PBXBuildFile; fileRef = B594C6F216B959D30039046C /* XPathQuery.m */; };
		B594C6F716BA1EA90039046C /* libxml2.dylib in Frameworks */ = {isa = PBXBuildFile; fileRef = B594C6F616BA1EA90039046C /* libxml2.dylib */; };
		B5F8E7E617813A6700C0B707 /* Media.xcassets in Resources */ = {isa = PBXBuildFile; fileRef = B5F8E7E517813A6700C0B707 /* Media.xcassets */; };
		B5F8E7ED178146DD00C0B707 /* XCTest.framework in Frameworks */ = {isa = PBXBuildFile; fileRef = B5F8E7EC178146DD00C0B707 /* XCTest.framework */; };
		B5F8E7EE178146DD00C0B707 /* Foundation.framework in Frameworks */ = {isa = PBXBuildFile; fileRef = B53C313E169D99EA00A8E41E /* Foundation.framework */; };
		B5F8E7EF178146DD00C0B707 /* UIKit.framework in Frameworks */ = {isa = PBXBuildFile; fileRef = B53C313C169D99EA00A8E41E /* UIKit.framework */; };
		B5F8E7F5178146DD00C0B707 /* InfoPlist.strings in Resources */ = {isa = PBXBuildFile; fileRef = B5F8E7F3178146DD00C0B707 /* InfoPlist.strings */; };
		B5F8E7F7178146DD00C0B707 /* Baylor_Notes_Tests.m in Sources */ = {isa = PBXBuildFile; fileRef = B5F8E7F6178146DD00C0B707 /* Baylor_Notes_Tests.m */; };
/* End PBXBuildFile section */

/* Begin PBXContainerItemProxy section */
		B5F8E7F9178146DD00C0B707 /* PBXContainerItemProxy */ = {
			isa = PBXContainerItemProxy;
			containerPortal = B53C312F169D99EA00A8E41E /* Project object */;
			proxyType = 1;
			remoteGlobalIDString = B53C3137169D99EA00A8E41E;
			remoteInfo = "Baylor Notes";
		};
/* End PBXContainerItemProxy section */

/* Begin PBXFileReference section */
		B53C3138169D99EA00A8E41E /* Baylor Notes.app */ = {isa = PBXFileReference; explicitFileType = wrapper.application; includeInIndex = 0; path = "Baylor Notes.app"; sourceTree = BUILT_PRODUCTS_DIR; };
		B53C313C169D99EA00A8E41E /* UIKit.framework */ = {isa = PBXFileReference; lastKnownFileType = wrapper.framework; name = UIKit.framework; path = System/Library/Frameworks/UIKit.framework; sourceTree = SDKROOT; };
		B53C313E169D99EA00A8E41E /* Foundation.framework */ = {isa = PBXFileReference; lastKnownFileType = wrapper.framework; name = Foundation.framework; path = System/Library/Frameworks/Foundation.framework; sourceTree = SDKROOT; };
		B53C3140169D99EA00A8E41E /* CoreGraphics.framework */ = {isa = PBXFileReference; lastKnownFileType = wrapper.framework; name = CoreGraphics.framework; path = System/Library/Frameworks/CoreGraphics.framework; sourceTree = SDKROOT; };
		B53C3144169D99EA00A8E41E /* Baylor Notes-Info.plist */ = {isa = PBXFileReference; lastKnownFileType = text.plist.xml; path = "Baylor Notes-Info.plist"; sourceTree = "<group>"; };
		B53C3146169D99EA00A8E41E /* en */ = {isa = PBXFileReference; lastKnownFileType = text.plist.strings; name = en; path = en.lproj/InfoPlist.strings; sourceTree = "<group>"; };
		B53C3148169D99EA00A8E41E /* main.m */ = {isa = PBXFileReference; lastKnownFileType = sourcecode.c.objc; path = main.m; sourceTree = "<group>"; };
		B53C314A169D99EA00A8E41E /* Baylor Notes-Prefix.pch */ = {isa = PBXFileReference; lastKnownFileType = sourcecode.c.h; path = "Baylor Notes-Prefix.pch"; sourceTree = "<group>"; };
		B53C3155169D99EA00A8E41E /* en */ = {isa = PBXFileReference; lastKnownFileType = file.storyboard; name = en; path = en.lproj/MainStoryboard.storyboard; sourceTree = "<group>"; };
		B53C3163169D99EB00A8E41E /* SenTestingKit.framework */ = {isa = PBXFileReference; lastKnownFileType = wrapper.framework; name = SenTestingKit.framework; path = Library/Frameworks/SenTestingKit.framework; sourceTree = DEVELOPER_DIR; };
		B53C31EE169E584800A8E41E /* BNAppDelegate.h */ = {isa = PBXFileReference; fileEncoding = 4; lastKnownFileType = sourcecode.c.h; path = BNAppDelegate.h; sourceTree = "<group>"; };
		B53C31EF169E584800A8E41E /* BNAppDelegate.m */ = {isa = PBXFileReference; fileEncoding = 4; lastKnownFileType = sourcecode.c.objc; path = BNAppDelegate.m; sourceTree = "<group>"; };
		B53C31F0169E584800A8E41E /* BNDataController.h */ = {isa = PBXFileReference; fileEncoding = 4; lastKnownFileType = sourcecode.c.h; path = BNDataController.h; sourceTree = "<group>"; };
		B53C31F1169E584800A8E41E /* BNDataController.m */ = {isa = PBXFileReference; fileEncoding = 4; lastKnownFileType = sourcecode.c.objc; path = BNDataController.m; sourceTree = "<group>"; };
		B53C31F2169E584800A8E41E /* BNDetailViewController.h */ = {isa = PBXFileReference; fileEncoding = 4; lastKnownFileType = sourcecode.c.h; path = BNDetailViewController.h; sourceTree = "<group>"; };
		B53C31F3169E584800A8E41E /* BNDetailViewController.m */ = {isa = PBXFileReference; fileEncoding = 4; lastKnownFileType = sourcecode.c.objc; path = BNDetailViewController.m; sourceTree = "<group>"; };
		B53C31F4169E584800A8E41E /* BNMasterViewController.h */ = {isa = PBXFileReference; fileEncoding = 4; lastKnownFileType = sourcecode.c.h; path = BNMasterViewController.h; sourceTree = "<group>"; };
		B53C31F5169E584800A8E41E /* BNMasterViewController.m */ = {isa = PBXFileReference; fileEncoding = 4; lastKnownFileType = sourcecode.c.objc; path = BNMasterViewController.m; sourceTree = "<group>"; };
		B594C6E516B8A9700039046C /* BNAuthorGetter.h */ = {isa = PBXFileReference; fileEncoding = 4; lastKnownFileType = sourcecode.c.h; path = BNAuthorGetter.h; sourceTree = "<group>"; };
		B594C6E616B8A9700039046C /* BNAuthorGetter.m */ = {isa = PBXFileReference; fileEncoding = 4; lastKnownFileType = sourcecode.c.objc; path = BNAuthorGetter.m; sourceTree = "<group>"; };
		B594C6F116B959D30039046C /* XPathQuery.h */ = {isa = PBXFileReference; fileEncoding = 4; lastKnownFileType = sourcecode.c.h; name = XPathQuery.h; path = ../XPathQuery.h; sourceTree = "<group>"; };
		B594C6F216B959D30039046C /* XPathQuery.m */ = {isa = PBXFileReference; fileEncoding = 4; lastKnownFileType = sourcecode.c.objc; name = XPathQuery.m; path = ../XPathQuery.m; sourceTree = "<group>"; };
		B594C6F616BA1EA90039046C /* libxml2.dylib */ = {isa = PBXFileReference; lastKnownFileType = "compiled.mach-o.dylib"; name = libxml2.dylib; path = usr/lib/libxml2.dylib; sourceTree = SDKROOT; };
		B5F8E7E517813A6700C0B707 /* Media.xcassets */ = {isa = PBXFileReference; lastKnownFileType = folder.assetcatalog; path = Media.xcassets; sourceTree = "<group>"; };
		B5F8E7EB178146DD00C0B707 /* Baylor Notes Tests.xctest */ = {isa = PBXFileReference; explicitFileType = wrapper.cfbundle; includeInIndex = 0; path = "Baylor Notes Tests.xctest"; sourceTree = BUILT_PRODUCTS_DIR; };
		B5F8E7EC178146DD00C0B707 /* XCTest.framework */ = {isa = PBXFileReference; lastKnownFileType = wrapper.framework; name = XCTest.framework; path = Library/Frameworks/XCTest.framework; sourceTree = DEVELOPER_DIR; };
		B5F8E7F2178146DD00C0B707 /* Baylor Notes Tests-Info.plist */ = {isa = PBXFileReference; lastKnownFileType = text.plist.xml; path = "Baylor Notes Tests-Info.plist"; sourceTree = "<group>"; };
		B5F8E7F4178146DD00C0B707 /* en */ = {isa = PBXFileReference; lastKnownFileType = text.plist.strings; name = en; path = en.lproj/InfoPlist.strings; sourceTree = "<group>"; };
		B5F8E7F6178146DD00C0B707 /* Baylor_Notes_Tests.m */ = {isa = PBXFileReference; lastKnownFileType = sourcecode.c.objc; path = Baylor_Notes_Tests.m; sourceTree = "<group>"; };
		B5F8E7F8178146DD00C0B707 /* Baylor Notes Tests-Prefix.pch */ = {isa = PBXFileReference; lastKnownFileType = sourcecode.c.h; path = "Baylor Notes Tests-Prefix.pch"; sourceTree = "<group>"; };
/* End PBXFileReference section */

/* Begin PBXFrameworksBuildPhase section */
		B53C3135169D99EA00A8E41E /* Frameworks */ = {
			isa = PBXFrameworksBuildPhase;
			buildActionMask = 2147483647;
			files = (
				B594C6F716BA1EA90039046C /* libxml2.dylib in Frameworks */,
				B53C313D169D99EA00A8E41E /* UIKit.framework in Frameworks */,
				B53C313F169D99EA00A8E41E /* Foundation.framework in Frameworks */,
				B53C3141169D99EA00A8E41E /* CoreGraphics.framework in Frameworks */,
			);
			runOnlyForDeploymentPostprocessing = 0;
		};
		B5F8E7E8178146DD00C0B707 /* Frameworks */ = {
			isa = PBXFrameworksBuildPhase;
			buildActionMask = 2147483647;
			files = (
				B5F8E7ED178146DD00C0B707 /* XCTest.framework in Frameworks */,
				B5F8E7EF178146DD00C0B707 /* UIKit.framework in Frameworks */,
				B5F8E7EE178146DD00C0B707 /* Foundation.framework in Frameworks */,
			);
			runOnlyForDeploymentPostprocessing = 0;
		};
/* End PBXFrameworksBuildPhase section */

/* Begin PBXGroup section */
		B53C312D169D99EA00A8E41E = {
			isa = PBXGroup;
			children = (
				B53C3142169D99EA00A8E41E /* Baylor Notes */,
				B5F8E7F0178146DD00C0B707 /* Baylor Notes Tests */,
				B53C313B169D99EA00A8E41E /* Frameworks */,
				B53C3139169D99EA00A8E41E /* Products */,
			);
			sourceTree = "<group>";
		};
		B53C3139169D99EA00A8E41E /* Products */ = {
			isa = PBXGroup;
			children = (
				B53C3138169D99EA00A8E41E /* Baylor Notes.app */,
				B5F8E7EB178146DD00C0B707 /* Baylor Notes Tests.xctest */,
			);
			name = Products;
			sourceTree = "<group>";
		};
		B53C313B169D99EA00A8E41E /* Frameworks */ = {
			isa = PBXGroup;
			children = (
				B53C313C169D99EA00A8E41E /* UIKit.framework */,
				B53C313E169D99EA00A8E41E /* Foundation.framework */,
				B53C3140169D99EA00A8E41E /* CoreGraphics.framework */,
				B53C3163169D99EB00A8E41E /* SenTestingKit.framework */,
				B5F8E7EC178146DD00C0B707 /* XCTest.framework */,
			);
			name = Frameworks;
			sourceTree = "<group>";
		};
		B53C3142169D99EA00A8E41E /* Baylor Notes */ = {
			isa = PBXGroup;
			children = (
				B53C31EE169E584800A8E41E /* BNAppDelegate.h */,
				B53C31EF169E584800A8E41E /* BNAppDelegate.m */,
				B53C3154169D99EA00A8E41E /* MainStoryboard.storyboard */,
				B53C31F0169E584800A8E41E /* BNDataController.h */,
				B53C31F1169E584800A8E41E /* BNDataController.m */,
				B594C6E516B8A9700039046C /* BNAuthorGetter.h */,
				B594C6E616B8A9700039046C /* BNAuthorGetter.m */,
				B53C31F4169E584800A8E41E /* BNMasterViewController.h */,
				B53C31F5169E584800A8E41E /* BNMasterViewController.m */,
				B53C31F2169E584800A8E41E /* BNDetailViewController.h */,
				B53C31F3169E584800A8E41E /* BNDetailViewController.m */,
				B53C3143169D99EA00A8E41E /* Supporting Files */,
			);
			path = "Baylor Notes";
			sourceTree = "<group>";
		};
		B53C3143169D99EA00A8E41E /* Supporting Files */ = {
			isa = PBXGroup;
			children = (
				B5F8E7E517813A6700C0B707 /* Media.xcassets */,
				B594C6F616BA1EA90039046C /* libxml2.dylib */,
				B594C6F116B959D30039046C /* XPathQuery.h */,
				B594C6F216B959D30039046C /* XPathQuery.m */,
				B53C3144169D99EA00A8E41E /* Baylor Notes-Info.plist */,
				B53C3145169D99EA00A8E41E /* InfoPlist.strings */,
				B53C3148169D99EA00A8E41E /* main.m */,
				B53C314A169D99EA00A8E41E /* Baylor Notes-Prefix.pch */,
			);
			name = "Supporting Files";
			sourceTree = "<group>";
		};
		B5F8E7F0178146DD00C0B707 /* Baylor Notes Tests */ = {
			isa = PBXGroup;
			children = (
				B5F8E7F6178146DD00C0B707 /* Baylor_Notes_Tests.m */,
				B5F8E7F1178146DD00C0B707 /* Supporting Files */,
			);
			path = "Baylor Notes Tests";
			sourceTree = "<group>";
		};
		B5F8E7F1178146DD00C0B707 /* Supporting Files */ = {
			isa = PBXGroup;
			children = (
				B5F8E7F2178146DD00C0B707 /* Baylor Notes Tests-Info.plist */,
				B5F8E7F3178146DD00C0B707 /* InfoPlist.strings */,
				B5F8E7F8178146DD00C0B707 /* Baylor Notes Tests-Prefix.pch */,
			);
			name = "Supporting Files";
			sourceTree = "<group>";
		};
/* End PBXGroup section */

/* Begin PBXNativeTarget section */
		B53C3137169D99EA00A8E41E /* Baylor Notes */ = {
			isa = PBXNativeTarget;
			buildConfigurationList = B53C3174169D99EB00A8E41E /* Build configuration list for PBXNativeTarget "Baylor Notes" */;
			buildPhases = (
				B53C3134169D99EA00A8E41E /* Sources */,
				B53C3135169D99EA00A8E41E /* Frameworks */,
				B53C3136169D99EA00A8E41E /* Resources */,
			);
			buildRules = (
			);
			dependencies = (
			);
			name = "Baylor Notes";
			productName = "Baylor Notes";
			productReference = B53C3138169D99EA00A8E41E /* Baylor Notes.app */;
			productType = "com.apple.product-type.application";
		};
		B5F8E7EA178146DD00C0B707 /* Baylor Notes Tests */ = {
			isa = PBXNativeTarget;
			buildConfigurationList = B5F8E7FB178146DD00C0B707 /* Build configuration list for PBXNativeTarget "Baylor Notes Tests" */;
			buildPhases = (
				B5F8E7E7178146DD00C0B707 /* Sources */,
				B5F8E7E8178146DD00C0B707 /* Frameworks */,
				B5F8E7E9178146DD00C0B707 /* Resources */,
			);
			buildRules = (
			);
			dependencies = (
				B5F8E7FA178146DD00C0B707 /* PBXTargetDependency */,
			);
			name = "Baylor Notes Tests";
			productName = "Baylor Notes Tests";
			productReference = B5F8E7EB178146DD00C0B707 /* Baylor Notes Tests.xctest */;
			productType = "com.apple.product-type.bundle.unit-test";
		};
/* End PBXNativeTarget section */

/* Begin PBXProject section */
		B53C312F169D99EA00A8E41E /* Project object */ = {
			isa = PBXProject;
			attributes = {
				LastUpgradeCheck = 0450;
				ORGANIZATIONNAME = "Sean Zhang";
				TargetAttributes = {
					B5F8E7EA178146DD00C0B707 = {
						TestTargetID = B53C3137169D99EA00A8E41E;
					};
				};
			};
			buildConfigurationList = B53C3132169D99EA00A8E41E /* Build configuration list for PBXProject "Baylor Notes" */;
			compatibilityVersion = "Xcode 3.2";
			developmentRegion = English;
			hasScannedForEncodings = 0;
			knownRegions = (
				en,
			);
			mainGroup = B53C312D169D99EA00A8E41E;
			productRefGroup = B53C3139169D99EA00A8E41E /* Products */;
			projectDirPath = "";
			projectRoot = "";
			targets = (
				B53C3137169D99EA00A8E41E /* Baylor Notes */,
				B5F8E7EA178146DD00C0B707 /* Baylor Notes Tests */,
			);
		};
/* End PBXProject section */

/* Begin PBXResourcesBuildPhase section */
		B53C3136169D99EA00A8E41E /* Resources */ = {
			isa = PBXResourcesBuildPhase;
			buildActionMask = 2147483647;
			files = (
				B53C3147169D99EA00A8E41E /* InfoPlist.strings in Resources */,
				B53C3156169D99EA00A8E41E /* MainStoryboard.storyboard in Resources */,
				B5F8E7E617813A6700C0B707 /* Media.xcassets in Resources */,
			);
			runOnlyForDeploymentPostprocessing = 0;
		};
		B5F8E7E9178146DD00C0B707 /* Resources */ = {
			isa = PBXResourcesBuildPhase;
			buildActionMask = 2147483647;
			files = (
				B5F8E7F5178146DD00C0B707 /* InfoPlist.strings in Resources */,
			);
			runOnlyForDeploymentPostprocessing = 0;
		};
/* End PBXResourcesBuildPhase section */

/* Begin PBXSourcesBuildPhase section */
		B53C3134169D99EA00A8E41E /* Sources */ = {
			isa = PBXSourcesBuildPhase;
			buildActionMask = 2147483647;
			files = (
				B53C3204169E5DA200A8E41E /* BNAppDelegate.m in Sources */,
				B53C3206169E5DA200A8E41E /* BNDataController.m in Sources */,
				B53C3208169E5DA200A8E41E /* BNDetailViewController.m in Sources */,
				B53C320A169E5DA200A8E41E /* BNMasterViewController.m in Sources */,
				B53C320B169E5DA200A8E41E /* main.m in Sources */,
				B594C6E716B8A9700039046C /* BNAuthorGetter.m in Sources */,
				B594C6F316B959D30039046C /* XPathQuery.m in Sources */,
			);
			runOnlyForDeploymentPostprocessing = 0;
		};
		B5F8E7E7178146DD00C0B707 /* Sources */ = {
			isa = PBXSourcesBuildPhase;
			buildActionMask = 2147483647;
			files = (
				B5F8E7F7178146DD00C0B707 /* Baylor_Notes_Tests.m in Sources */,
			);
			runOnlyForDeploymentPostprocessing = 0;
		};
/* End PBXSourcesBuildPhase section */

/* Begin PBXTargetDependency section */
		B5F8E7FA178146DD00C0B707 /* PBXTargetDependency */ = {
			isa = PBXTargetDependency;
			target = B53C3137169D99EA00A8E41E /* Baylor Notes */;
			targetProxy = B5F8E7F9178146DD00C0B707 /* PBXContainerItemProxy */;
		};
/* End PBXTargetDependency section */

/* Begin PBXVariantGroup section */
		B53C3145169D99EA00A8E41E /* InfoPlist.strings */ = {
			isa = PBXVariantGroup;
			children = (
				B53C3146169D99EA00A8E41E /* en */,
			);
			name = InfoPlist.strings;
			sourceTree = "<group>";
		};
		B53C3154169D99EA00A8E41E /* MainStoryboard.storyboard */ = {
			isa = PBXVariantGroup;
			children = (
				B53C3155169D99EA00A8E41E /* en */,
			);
			name = MainStoryboard.storyboard;
			sourceTree = "<group>";
		};
		B5F8E7F3178146DD00C0B707 /* InfoPlist.strings */ = {
			isa = PBXVariantGroup;
			children = (
				B5F8E7F4178146DD00C0B707 /* en */,
			);
			name = InfoPlist.strings;
			sourceTree = "<group>";
		};
/* End PBXVariantGroup section */

/* Begin XCBuildConfiguration section */
		B53C3172169D99EB00A8E41E /* Debug */ = {
			isa = XCBuildConfiguration;
			buildSettings = {
				ALWAYS_SEARCH_USER_PATHS = NO;
				CLANG_CXX_LANGUAGE_STANDARD = "gnu++0x";
				CLANG_CXX_LIBRARY = "libc++";
				CLANG_ENABLE_OBJC_ARC = YES;
				CLANG_WARN_EMPTY_BODY = YES;
				CLANG_WARN__DUPLICATE_METHOD_MATCH = YES;
				"CODE_SIGN_IDENTITY[sdk=iphoneos*]" = "iPhone Developer";
				COPY_PHASE_STRIP = NO;
				GCC_C_LANGUAGE_STANDARD = gnu99;
				GCC_DYNAMIC_NO_PIC = NO;
				GCC_OPTIMIZATION_LEVEL = 0;
				GCC_PREPROCESSOR_DEFINITIONS = (
					"DEBUG=1",
					"$(inherited)",
				);
				GCC_SYMBOLS_PRIVATE_EXTERN = NO;
				GCC_WARN_ABOUT_RETURN_TYPE = YES;
				GCC_WARN_UNINITIALIZED_AUTOS = YES;
				GCC_WARN_UNUSED_VARIABLE = YES;
				IPHONEOS_DEPLOYMENT_TARGET = 7.0;
				ONLY_ACTIVE_ARCH = YES;
				SDKROOT = iphoneos;
				TARGETED_DEVICE_FAMILY = 2;
			};
			name = Debug;
		};
		B53C3173169D99EB00A8E41E /* Release */ = {
			isa = XCBuildConfiguration;
			buildSettings = {
				ALWAYS_SEARCH_USER_PATHS = NO;
				CLANG_CXX_LANGUAGE_STANDARD = "gnu++0x";
				CLANG_CXX_LIBRARY = "libc++";
				CLANG_ENABLE_OBJC_ARC = YES;
				CLANG_WARN_EMPTY_BODY = YES;
				CLANG_WARN__DUPLICATE_METHOD_MATCH = YES;
				"CODE_SIGN_IDENTITY[sdk=iphoneos*]" = "iPhone Developer";
				COPY_PHASE_STRIP = YES;
				GCC_C_LANGUAGE_STANDARD = gnu99;
				GCC_WARN_ABOUT_RETURN_TYPE = YES;
				GCC_WARN_UNINITIALIZED_AUTOS = YES;
				GCC_WARN_UNUSED_VARIABLE = YES;
				IPHONEOS_DEPLOYMENT_TARGET = 7.0;
				OTHER_CFLAGS = "-DNS_BLOCK_ASSERTIONS=1";
				SDKROOT = iphoneos;
				TARGETED_DEVICE_FAMILY = 2;
				VALIDATE_PRODUCT = YES;
			};
			name = Release;
		};
		B53C3175169D99EB00A8E41E /* Debug */ = {
			isa = XCBuildConfiguration;
			buildSettings = {
				ASSETCATALOG_COMPILER_APPICON_NAME = AppIcon;
				ASSETCATALOG_COMPILER_LAUNCHIMAGE_NAME = LaunchImage;
				GCC_PRECOMPILE_PREFIX_HEADER = YES;
				GCC_PREFIX_HEADER = "Baylor Notes/Baylor Notes-Prefix.pch";
				HEADER_SEARCH_PATHS = $SDK_DIR/usr/include/libxml2;
				INFOPLIST_FILE = "Baylor Notes/Baylor Notes-Info.plist";
				IPHONEOS_DEPLOYMENT_TARGET = 7.0;
				PRODUCT_NAME = "$(TARGET_NAME)";
				"USER_HEADER_SEARCH_PATHS[arch=*]" = "$(SDKROOT)/usr/include/libxml2";
				WRAPPER_EXTENSION = app;
			};
			name = Debug;
		};
		B53C3176169D99EB00A8E41E /* Release */ = {
			isa = XCBuildConfiguration;
			buildSettings = {
				ASSETCATALOG_COMPILER_APPICON_NAME = AppIcon;
				ASSETCATALOG_COMPILER_LAUNCHIMAGE_NAME = LaunchImage;
				GCC_PRECOMPILE_PREFIX_HEADER = YES;
				GCC_PREFIX_HEADER = "Baylor Notes/Baylor Notes-Prefix.pch";
				HEADER_SEARCH_PATHS = $SDK_DIR/usr/include/libxml2;
				INFOPLIST_FILE = "Baylor Notes/Baylor Notes-Info.plist";
				IPHONEOS_DEPLOYMENT_TARGET = 7.0;
				PRODUCT_NAME = "$(TARGET_NAME)";
				USER_HEADER_SEARCH_PATHS = "";
				"USER_HEADER_SEARCH_PATHS[arch=*]" = "$(SDKROOT)/usr/include/libxml2";
				WRAPPER_EXTENSION = app;
			};
			name = Release;
		};
		B5F8E7FC178146DD00C0B707 /* Debug */ = {
			isa = XCBuildConfiguration;
			buildSettings = {
				BUNDLE_LOADER = "$(BUILT_PRODUCTS_DIR)/Baylor Notes.app/Baylor Notes";
				CLANG_ENABLE_MODULES = YES;
				CLANG_WARN_BOOL_CONVERSION = YES;
				CLANG_WARN_CONSTANT_CONVERSION = YES;
				CLANG_WARN_DIRECT_OBJC_ISA_USAGE = YES_ERROR;
				CLANG_WARN_ENUM_CONVERSION = YES;
				CLANG_WARN_INT_CONVERSION = YES;
				CLANG_WARN_OBJC_ROOT_CLASS = YES_ERROR;
				FRAMEWORK_SEARCH_PATHS = (
					"$(SDKROOT)/Developer/Library/Frameworks",
					"$(inherited)",
					"$(SYSTEM_APPS_DIR)/Xcode5-DP2.app/Contents/Developer/Library/Frameworks",
				);
				GCC_PRECOMPILE_PREFIX_HEADER = YES;
				GCC_PREFIX_HEADER = "Baylor Notes Tests/Baylor Notes Tests-Prefix.pch";
				GCC_PREPROCESSOR_DEFINITIONS = (
					"DEBUG=1",
					"$(inherited)",
				);
				GCC_WARN_ABOUT_RETURN_TYPE = YES_ERROR;
				GCC_WARN_UNDECLARED_SELECTOR = YES;
				GCC_WARN_UNUSED_FUNCTION = YES;
				INFOPLIST_FILE = "Baylor Notes Tests/Baylor Notes Tests-Info.plist";
				IPHONEOS_DEPLOYMENT_TARGET = 7.0;
				PRODUCT_NAME = "$(TARGET_NAME)";
				TEST_HOST = "$(BUNDLE_LOADER)";
				WRAPPER_EXTENSION = xctest;
			};
			name = Debug;
		};
		B5F8E7FD178146DD00C0B707 /* Release */ = {
			isa = XCBuildConfiguration;
			buildSettings = {
				BUNDLE_LOADER = "$(BUILT_PRODUCTS_DIR)/Baylor Notes.app/Baylor Notes";
				CLANG_ENABLE_MODULES = YES;
				CLANG_WARN_BOOL_CONVERSION = YES;
				CLANG_WARN_CONSTANT_CONVERSION = YES;
				CLANG_WARN_DIRECT_OBJC_ISA_USAGE = YES_ERROR;
				CLANG_WARN_ENUM_CONVERSION = YES;
				CLANG_WARN_INT_CONVERSION = YES;
				CLANG_WARN_OBJC_ROOT_CLASS = YES_ERROR;
				ENABLE_NS_ASSERTIONS = NO;
				FRAMEWORK_SEARCH_PATHS = (
					"$(SDKROOT)/Developer/Library/Frameworks",
					"$(inherited)",
					"$(SYSTEM_APPS_DIR)/Xcode5-DP2.app/Contents/Developer/Library/Frameworks",
				);
				GCC_PRECOMPILE_PREFIX_HEADER = YES;
				GCC_PREFIX_HEADER = "Baylor Notes Tests/Baylor Notes Tests-Prefix.pch";
				GCC_WARN_ABOUT_RETURN_TYPE = YES_ERROR;
				GCC_WARN_UNDECLARED_SELECTOR = YES;
				GCC_WARN_UNUSED_FUNCTION = YES;
				INFOPLIST_FILE = "Baylor Notes Tests/Baylor Notes Tests-Info.plist";
				IPHONEOS_DEPLOYMENT_TARGET = 7.0;
				PRODUCT_NAME = "$(TARGET_NAME)";
				TEST_HOST = "$(BUNDLE_LOADER)";
				WRAPPER_EXTENSION = xctest;
			};
			name = Release;
		};
/* End XCBuildConfiguration section */

/* Begin XCConfigurationList section */
		B53C3132169D99EA00A8E41E /* Build configuration list for PBXProject "Baylor Notes" */ = {
			isa = XCConfigurationList;
			buildConfigurations = (
				B53C3172169D99EB00A8E41E /* Debug */,
				B53C3173169D99EB00A8E41E /* Release */,
			);
			defaultConfigurationIsVisible = 0;
			defaultConfigurationName = Release;
		};
		B53C3174169D99EB00A8E41E /* Build configuration list for PBXNativeTarget "Baylor Notes" */ = {
			isa = XCConfigurationList;
			buildConfigurations = (
				B53C3175169D99EB00A8E41E /* Debug */,
				B53C3176169D99EB00A8E41E /* Release */,
			);
			defaultConfigurationIsVisible = 0;
			defaultConfigurationName = Release;
		};
		B5F8E7FB178146DD00C0B707 /* Build configuration list for PBXNativeTarget "Baylor Notes Tests" */ = {
			isa = XCConfigurationList;
			buildConfigurations = (
				B5F8E7FC178146DD00C0B707 /* Debug */,
				B5F8E7FD178146DD00C0B707 /* Release */,
			);
			defaultConfigurationIsVisible = 0;
		};
/* End XCConfigurationList section */
	};
	rootObject = B53C312F169D99EA00A8E41E /* Project object */;
}
